// !$*UTF8*$!
{
	archiveVersion = 1;
	classes = {
	};
	objectVersion = 46;
	objects = {

/* Begin PBXBuildFile section */
		9BE893AE1CAF237E0098EECE /* PostsController.swift in Sources */ = {isa = PBXBuildFile; fileRef = 9BE893AD1CAF237E0098EECE /* PostsController.swift */; };
		9BE893B31CAF26D30098EECE /* Post.swift in Sources */ = {isa = PBXBuildFile; fileRef = 9BE893B21CAF26D30098EECE /* Post.swift */; };
		9BE893B51CB06C280098EECE /* Server.swift in Sources */ = {isa = PBXBuildFile; fileRef = 9BE893B41CB06C280098EECE /* Server.swift */; };
		9BE8F0EE1CAD5FCB002A561E /* main.swift in Sources */ = {isa = PBXBuildFile; fileRef = 9BE8F0ED1CAD5FCB002A561E /* main.swift */; };
/* End PBXBuildFile section */

/* Begin PBXCopyFilesBuildPhase section */
		9BE8F0E01CAD5F9A002A561E /* CopyFiles */ = {
			isa = PBXCopyFilesBuildPhase;
			buildActionMask = 2147483647;
			dstPath = /usr/share/man/man1/;
			dstSubfolderSpec = 0;
			files = (
			);
			runOnlyForDeploymentPostprocessing = 1;
		};
/* End PBXCopyFilesBuildPhase section */

/* Begin PBXFileReference section */
		9BE893AD1CAF237E0098EECE /* PostsController.swift */ = {isa = PBXFileReference; fileEncoding = 4; lastKnownFileType = sourcecode.swift; path = PostsController.swift; sourceTree = "<group>"; };
		9BE893B21CAF26D30098EECE /* Post.swift */ = {isa = PBXFileReference; fileEncoding = 4; lastKnownFileType = sourcecode.swift; path = Post.swift; sourceTree = "<group>"; };
		9BE893B41CB06C280098EECE /* Server.swift */ = {isa = PBXFileReference; fileEncoding = 4; lastKnownFileType = sourcecode.swift; path = Server.swift; sourceTree = "<group>"; };
		9BE893B61CB06F530098EECE /* ServerTests.swift */ = {isa = PBXFileReference; fileEncoding = 4; lastKnownFileType = sourcecode.swift; path = ServerTests.swift; sourceTree = "<group>"; };
		9BE893B81CB07D1D0098EECE /* LinuxMain.swift */ = {isa = PBXFileReference; fileEncoding = 4; lastKnownFileType = sourcecode.swift; path = LinuxMain.swift; sourceTree = "<group>"; };
		9BE8F0E21CAD5F9A002A561E /* SSS */ = {isa = PBXFileReference; explicitFileType = "compiled.mach-o.executable"; includeInIndex = 0; path = SSS; sourceTree = BUILT_PRODUCTS_DIR; };
		9BE8F0ED1CAD5FCB002A561E /* main.swift */ = {isa = PBXFileReference; fileEncoding = 4; lastKnownFileType = sourcecode.swift; path = main.swift; sourceTree = "<group>"; };
		9BE8F0EF1CAD6011002A561E /* Package.swift */ = {isa = PBXFileReference; lastKnownFileType = sourcecode.swift; path = Package.swift; sourceTree = "<group>"; };
/* End PBXFileReference section */

/* Begin PBXFrameworksBuildPhase section */
		9BE8F0DF1CAD5F9A002A561E /* Frameworks */ = {
			isa = PBXFrameworksBuildPhase;
			buildActionMask = 2147483647;
			files = (
			);
			runOnlyForDeploymentPostprocessing = 0;
		};
/* End PBXFrameworksBuildPhase section */

/* Begin PBXGroup section */
		9BE893AF1CAF24070098EECE /* Tests */ = {
			isa = PBXGroup;
			children = (
				9BE893B81CB07D1D0098EECE /* LinuxMain.swift */,
				9BE893B01CAF241E0098EECE /* SSS */,
			);
			path = Tests;
			sourceTree = "<group>";
		};
		9BE893B01CAF241E0098EECE /* SSS */ = {
			isa = PBXGroup;
			children = (
				9BE893B61CB06F530098EECE /* ServerTests.swift */,
			);
			path = SSS;
			sourceTree = "<group>";
		};
		9BE8F0D91CAD5F9A002A561E = {
			isa = PBXGroup;
			children = (
				9BE8F0EC1CAD5FCB002A561E /* Sources */,
				9BE893AF1CAF24070098EECE /* Tests */,
				9BE8F0E31CAD5F9A002A561E /* Products */,
				9BE8F0EF1CAD6011002A561E /* Package.swift */,
			);
			sourceTree = "<group>";
		};
		9BE8F0E31CAD5F9A002A561E /* Products */ = {
			isa = PBXGroup;
			children = (
				9BE8F0E21CAD5F9A002A561E /* SSS */,
			);
			name = Products;
			sourceTree = "<group>";
		};
		9BE8F0EC1CAD5FCB002A561E /* Sources */ = {
			isa = PBXGroup;
			children = (
				9BE893AD1CAF237E0098EECE /* PostsController.swift */,
				9BE8F0ED1CAD5FCB002A561E /* main.swift */,
				9BE893B21CAF26D30098EECE /* Post.swift */,
				9BE893B41CB06C280098EECE /* Server.swift */,
			);
			path = Sources;
			sourceTree = "<group>";
		};
/* End PBXGroup section */

/* Begin PBXNativeTarget section */
		9BE8F0E11CAD5F9A002A561E /* SSS */ = {
			isa = PBXNativeTarget;
			buildConfigurationList = 9BE8F0E91CAD5F9A002A561E /* Build configuration list for PBXNativeTarget "SSS" */;
			buildPhases = (
				9BE8F0DE1CAD5F9A002A561E /* Sources */,
				9BE8F0DF1CAD5F9A002A561E /* Frameworks */,
				9BE8F0E01CAD5F9A002A561E /* CopyFiles */,
			);
			buildRules = (
			);
			dependencies = (
			);
			name = SSS;
			productName = SSS;
			productReference = 9BE8F0E21CAD5F9A002A561E /* SSS */;
			productType = "com.apple.product-type.tool";
		};
/* End PBXNativeTarget section */

/* Begin PBXProject section */
		9BE8F0DA1CAD5F9A002A561E /* Project object */ = {
			isa = PBXProject;
			attributes = {
				LastSwiftUpdateCheck = 0730;
				LastUpgradeCheck = 0730;
				ORGANIZATIONNAME = tnantoka;
				TargetAttributes = {
					9BE8F0E11CAD5F9A002A561E = {
						CreatedOnToolsVersion = 7.3;
					};
				};
			};
			buildConfigurationList = 9BE8F0DD1CAD5F9A002A561E /* Build configuration list for PBXProject "SSS" */;
			compatibilityVersion = "Xcode 3.2";
			developmentRegion = English;
			hasScannedForEncodings = 0;
			knownRegions = (
				en,
			);
			mainGroup = 9BE8F0D91CAD5F9A002A561E;
			productRefGroup = 9BE8F0E31CAD5F9A002A561E /* Products */;
			projectDirPath = "";
			projectRoot = "";
			targets = (
				9BE8F0E11CAD5F9A002A561E /* SSS */,
			);
		};
/* End PBXProject section */

/* Begin PBXSourcesBuildPhase section */
		9BE8F0DE1CAD5F9A002A561E /* Sources */ = {
			isa = PBXSourcesBuildPhase;
			buildActionMask = 2147483647;
			files = (
				9BE893B31CAF26D30098EECE /* Post.swift in Sources */,
				9BE8F0EE1CAD5FCB002A561E /* main.swift in Sources */,
				9BE893B51CB06C280098EECE /* Server.swift in Sources */,
				9BE893AE1CAF237E0098EECE /* PostsController.swift in Sources */,
			);
			runOnlyForDeploymentPostprocessing = 0;
		};
/* End PBXSourcesBuildPhase section */

/* Begin XCBuildConfiguration section */
		9BE8F0E71CAD5F9A002A561E /* Debug */ = {
			isa = XCBuildConfiguration;
			buildSettings = {
				ALWAYS_SEARCH_USER_PATHS = NO;
				CLANG_ANALYZER_NONNULL = YES;
				CLANG_CXX_LANGUAGE_STANDARD = "gnu++0x";
				CLANG_CXX_LIBRARY = "libc++";
				CLANG_ENABLE_MODULES = YES;
				CLANG_ENABLE_OBJC_ARC = YES;
				CLANG_WARN_BOOL_CONVERSION = YES;
				CLANG_WARN_CONSTANT_CONVERSION = YES;
				CLANG_WARN_DIRECT_OBJC_ISA_USAGE = YES_ERROR;
				CLANG_WARN_EMPTY_BODY = YES;
				CLANG_WARN_ENUM_CONVERSION = YES;
				CLANG_WARN_INT_CONVERSION = YES;
				CLANG_WARN_OBJC_ROOT_CLASS = YES_ERROR;
				CLANG_WARN_UNREACHABLE_CODE = YES;
				CLANG_WARN__DUPLICATE_METHOD_MATCH = YES;
				CODE_SIGN_IDENTITY = "-";
				COPY_PHASE_STRIP = NO;
				DEBUG_INFORMATION_FORMAT = dwarf;
				ENABLE_STRICT_OBJC_MSGSEND = YES;
				ENABLE_TESTABILITY = YES;
				GCC_C_LANGUAGE_STANDARD = gnu99;
				GCC_DYNAMIC_NO_PIC = NO;
				GCC_NO_COMMON_BLOCKS = YES;
				GCC_OPTIMIZATION_LEVEL = 0;
				GCC_PREPROCESSOR_DEFINITIONS = (
					"DEBUG=1",
					"$(inherited)",
				);
				GCC_WARN_64_TO_32_BIT_CONVERSION = YES;
				GCC_WARN_ABOUT_RETURN_TYPE = YES_ERROR;
				GCC_WARN_UNDECLARED_SELECTOR = YES;
				GCC_WARN_UNINITIALIZED_AUTOS = YES_AGGRESSIVE;
				GCC_WARN_UNUSED_FUNCTION = YES;
				GCC_WARN_UNUSED_VARIABLE = YES;
				MACOSX_DEPLOYMENT_TARGET = 10.11;
				MTL_ENABLE_DEBUG_INFO = YES;
				ONLY_ACTIVE_ARCH = YES;
				SDKROOT = macosx;
				SWIFT_INCLUDE_PATHS = "$(SRCROOT)/.build/debug";
				SWIFT_OPTIMIZATION_LEVEL = "-Onone";
			};
			name = Debug;
		};
		9BE8F0E81CAD5F9A002A561E /* Release */ = {
			isa = XCBuildConfiguration;
			buildSettings = {
				ALWAYS_SEARCH_USER_PATHS = NO;
				CLANG_ANALYZER_NONNULL = YES;
				CLANG_CXX_LANGUAGE_STANDARD = "gnu++0x";
				CLANG_CXX_LIBRARY = "libc++";
				CLANG_ENABLE_MODULES = YES;
				CLANG_ENABLE_OBJC_ARC = YES;
				CLANG_WARN_BOOL_CONVERSION = YES;
				CLANG_WARN_CONSTANT_CONVERSION = YES;
				CLANG_WARN_DIRECT_OBJC_ISA_USAGE = YES_ERROR;
				CLANG_WARN_EMPTY_BODY = YES;
				CLANG_WARN_ENUM_CONVERSION = YES;
				CLANG_WARN_INT_CONVERSION = YES;
				CLANG_WARN_OBJC_ROOT_CLASS = YES_ERROR;
				CLANG_WARN_UNREACHABLE_CODE = YES;
				CLANG_WARN__DUPLICATE_METHOD_MATCH = YES;
				CODE_SIGN_IDENTITY = "-";
				COPY_PHASE_STRIP = NO;
				DEBUG_INFORMATION_FORMAT = "dwarf-with-dsym";
				ENABLE_NS_ASSERTIONS = NO;
				ENABLE_STRICT_OBJC_MSGSEND = YES;
				GCC_C_LANGUAGE_STANDARD = gnu99;
				GCC_NO_COMMON_BLOCKS = YES;
				GCC_WARN_64_TO_32_BIT_CONVERSION = YES;
				GCC_WARN_ABOUT_RETURN_TYPE = YES_ERROR;
				GCC_WARN_UNDECLARED_SELECTOR = YES;
				GCC_WARN_UNINITIALIZED_AUTOS = YES_AGGRESSIVE;
				GCC_WARN_UNUSED_FUNCTION = YES;
				GCC_WARN_UNUSED_VARIABLE = YES;
				MACOSX_DEPLOYMENT_TARGET = 10.11;
				MTL_ENABLE_DEBUG_INFO = NO;
				SDKROOT = macosx;
				SWIFT_INCLUDE_PATHS = "$(SRCROOT)/.build/release";
			};
			name = Release;
		};
		9BE8F0EA1CAD5F9A002A561E /* Debug */ = {
			isa = XCBuildConfiguration;
			buildSettings = {
				PRODUCT_NAME = "$(TARGET_NAME)";
			};
			name = Debug;
		};
		9BE8F0EB1CAD5F9A002A561E /* Release */ = {
			isa = XCBuildConfiguration;
			buildSettings = {
				PRODUCT_NAME = "$(TARGET_NAME)";
			};
			name = Release;
		};
/* End XCBuildConfiguration section */

/* Begin XCConfigurationList section */
		9BE8F0DD1CAD5F9A002A561E /* Build configuration list for PBXProject "SSS" */ = {
			isa = XCConfigurationList;
			buildConfigurations = (
				9BE8F0E71CAD5F9A002A561E /* Debug */,
				9BE8F0E81CAD5F9A002A561E /* Release */,
			);
			defaultConfigurationIsVisible = 0;
			defaultConfigurationName = Release;
		};
		9BE8F0E91CAD5F9A002A561E /* Build configuration list for PBXNativeTarget "SSS" */ = {
			isa = XCConfigurationList;
			buildConfigurations = (
				9BE8F0EA1CAD5F9A002A561E /* Debug */,
				9BE8F0EB1CAD5F9A002A561E /* Release */,
			);
			defaultConfigurationIsVisible = 0;
			defaultConfigurationName = Release;
		};
/* End XCConfigurationList section */
	};
	rootObject = 9BE8F0DA1CAD5F9A002A561E /* Project object */;
}
